
Microsoft Visual Studio Solution File, Format Version 12.00
# Visual Studio Version 16
VisualStudioVersion = 16.0.29409.12
MinimumVisualStudioVersion = 10.0.40219.1
Project("{9A19103F-16F7-4668-BE54-9A1E7A4F7556}") = "PropertyAdministration", "PropertyAdministration\PropertyAdministration.csproj", "{10403BDB-B1CD-493D-9807-55F4671A391A}"
EndProject
Project("{9A19103F-16F7-4668-BE54-9A1E7A4F7556}") = "PropertyAdministration.Core", "PropertyAdministration.Core\PropertyAdministration.Core.csproj", "{28DACC1C-4D20-4126-A1DB-381957EB028E}"
EndProject
Project("{9A19103F-16F7-4668-BE54-9A1E7A4F7556}") = "PropertyAdministration.UI", "PropertyAdministration.UI\PropertyAdministration.UI.csproj", "{E7B69C1F-27FD-4194-B4D8-0F4C283C92F6}"
EndProject
Project("{9A19103F-16F7-4668-BE54-9A1E7A4F7556}") = "Infrastructure", "Infrastructure\Infrastructure.csproj", "{755889F3-401C-4EF3-AF23-AAA869D6723E}"
EndProject
Project("{2150E333-8FDC-42A3-9474-1A3956D46DE8}") = "test", "test", "{17C92E2C-5BD8-46FA-B311-5168B45C82FF}"
EndProject
Project("{9A19103F-16F7-4668-BE54-9A1E7A4F7556}") = "PropertyAdministration.Test", "PropertyAdministration.Test\PropertyAdministration.Test.csproj", "{C17665E4-9337-4CAD-9F1D-A155B0409EC7}"
EndProject
Project("{FAE04EC0-301F-11D3-BF4B-00C04F79EFBC}") = "PropertyAdministration.Application", "PropertyAdministration.Application\PropertyAdministration.Application.csproj", "{ECB0C536-C682-4175-BE2C-CD0B7C5EFF99}"
EndProject
Global
	GlobalSection(SolutionConfigurationPlatforms) = preSolution
		Debug|Any CPU = Debug|Any CPU
		Release|Any CPU = Release|Any CPU
	EndGlobalSection
	GlobalSection(ProjectConfigurationPlatforms) = postSolution
		{10403BDB-B1CD-493D-9807-55F4671A391A}.Debug|Any CPU.ActiveCfg = Debug|Any CPU
		{10403BDB-B1CD-493D-9807-55F4671A391A}.Debug|Any CPU.Build.0 = Debug|Any CPU
		{10403BDB-B1CD-493D-9807-55F4671A391A}.Release|Any CPU.ActiveCfg = Release|Any CPU
		{10403BDB-B1CD-493D-9807-55F4671A391A}.Release|Any CPU.Build.0 = Release|Any CPU
		{28DACC1C-4D20-4126-A1DB-381957EB028E}.Debug|Any CPU.ActiveCfg = Debug|Any CPU
		{28DACC1C-4D20-4126-A1DB-381957EB028E}.Debug|Any CPU.Build.0 = Debug|Any CPU
		{28DACC1C-4D20-4126-A1DB-381957EB028E}.Release|Any CPU.ActiveCfg = Release|Any CPU
		{28DACC1C-4D20-4126-A1DB-381957EB028E}.Release|Any CPU.Build.0 = Release|Any CPU
		{E7B69C1F-27FD-4194-B4D8-0F4C283C92F6}.Debug|Any CPU.ActiveCfg = Debug|Any CPU
		{E7B69C1F-27FD-4194-B4D8-0F4C283C92F6}.Debug|Any CPU.Build.0 = Debug|Any CPU
		{E7B69C1F-27FD-4194-B4D8-0F4C283C92F6}.Release|Any CPU.ActiveCfg = Release|Any CPU
		{E7B69C1F-27FD-4194-B4D8-0F4C283C92F6}.Release|Any CPU.Build.0 = Release|Any CPU
		{755889F3-401C-4EF3-AF23-AAA869D6723E}.Debug|Any CPU.ActiveCfg = Debug|Any CPU
		{755889F3-401C-4EF3-AF23-AAA869D6723E}.Debug|Any CPU.Build.0 = Debug|Any CPU
		{755889F3-401C-4EF3-AF23-AAA869D6723E}.Release|Any CPU.ActiveCfg = Release|Any CPU
		{755889F3-401C-4EF3-AF23-AAA869D6723E}.Release|Any CPU.Build.0 = Release|Any CPU
		{C17665E4-9337-4CAD-9F1D-A155B0409EC7}.Debug|Any CPU.ActiveCfg = Debug|Any CPU
		{C17665E4-9337-4CAD-9F1D-A155B0409EC7}.Debug|Any CPU.Build.0 = Debug|Any CPU
		{C17665E4-9337-4CAD-9F1D-A155B0409EC7}.Release|Any CPU.ActiveCfg = Release|Any CPU
		{C17665E4-9337-4CAD-9F1D-A155B0409EC7}.Release|Any CPU.Build.0 = Release|Any CPU
		{ECB0C536-C682-4175-BE2C-CD0B7C5EFF99}.Debug|Any CPU.ActiveCfg = Debug|Any CPU
		{ECB0C536-C682-4175-BE2C-CD0B7C5EFF99}.Debug|Any CPU.Build.0 = Debug|Any CPU
		{ECB0C536-C682-4175-BE2C-CD0B7C5EFF99}.Release|Any CPU.ActiveCfg = Release|Any CPU
		{ECB0C536-C682-4175-BE2C-CD0B7C5EFF99}.Release|Any CPU.Build.0 = Release|Any CPU
	EndGlobalSection
	GlobalSection(SolutionProperties) = preSolution
		HideSolutionNode = FALSE
	EndGlobalSection
	GlobalSection(NestedProjects) = preSolution
		{C17665E4-9337-4CAD-9F1D-A155B0409EC7} = {17C92E2C-5BD8-46FA-B311-5168B45C82FF}
	EndGlobalSection
	GlobalSection(ExtensibilityGlobals) = postSolution
		SolutionGuid = {F7BD0238-0004-43DF-AD69-493E7A1DB702}
	EndGlobalSection
EndGlobal
